PODS:
  - PureLayout (3.0.2)
  - SVProgressHUD (2.2.2)

DEPENDENCIES:
  - PureLayout
  - SVProgressHUD

SPEC REPOS:
  https://github.com/cocoapods/specs.git:
    - PureLayout
    - SVProgressHUD

SPEC CHECKSUMS:
  PureLayout: 4d550abe49a94f24c2808b9b95db9131685fe4cd
  SVProgressHUD: 59b2d3dabacbd051576d21d32293ca7228dc18b0

PODFILE CHECKSUM: 66e026cbc15164a4ccf4d96eba6277d861a39605

COCOAPODS: 1.5.3
